// !$*UTF8*$!
{
	archiveVersion = 1;
	classes = {
	};
	objectVersion = 46;
	objects = {

/* Begin PBXBuildFile section */
		B82394FF1B50DDCA00A21CE5 /* main.m in Sources */ = {isa = PBXBuildFile; fileRef = B82394FE1B50DDCA00A21CE5 /* main.m */; };
		B82395021B50DDCA00A21CE5 /* AppDelegate.m in Sources */ = {isa = PBXBuildFile; fileRef = B82395011B50DDCA00A21CE5 /* AppDelegate.m */; };
		B82395051B50DDCA00A21CE5 /* ViewController.m in Sources */ = {isa = PBXBuildFile; fileRef = B82395041B50DDCA00A21CE5 /* ViewController.m */; };
		B82395081B50DDCA00A21CE5 /* Main.storyboard in Resources */ = {isa = PBXBuildFile; fileRef = B82395061B50DDCA00A21CE5 /* Main.storyboard */; };
		B823950A1B50DDCA00A21CE5 /* Images.xcassets in Resources */ = {isa = PBXBuildFile; fileRef = B82395091B50DDCA00A21CE5 /* Images.xcassets */; };
		B823950D1B50DDCA00A21CE5 /* LaunchScreen.xib in Resources */ = {isa = PBXBuildFile; fileRef = B823950B1B50DDCA00A21CE5 /* LaunchScreen.xib */; };
		B82395191B50DDCA00A21CE5 /* testTests.m in Sources */ = {isa = PBXBuildFile; fileRef = B82395181B50DDCA00A21CE5 /* testTests.m */; };
/* End PBXBuildFile section */

/* Begin PBXContainerItemProxy section */
		B82395131B50DDCA00A21CE5 /* PBXContainerItemProxy */ = {
			isa = PBXContainerItemProxy;
			containerPortal = B82394F11B50DDCA00A21CE5 /* Project object */;
			proxyType = 1;
			remoteGlobalIDString = B82394F81B50DDCA00A21CE5;
			remoteInfo = test;
		};
/* End PBXContainerItemProxy section */

/* Begin PBXFileReference section */
		B82394F91B50DDCA00A21CE5 /* test.app */ = {isa = PBXFileReference; explicitFileType = wrapper.application; includeInIndex = 0; path = test.app; sourceTree = BUILT_PRODUCTS_DIR; };
		B82394FD1B50DDCA00A21CE5 /* Info.plist */ = {isa = PBXFileReference; lastKnownFileType = text.plist.xml; path = Info.plist; sourceTree = "<group>"; };
		B82394FE1B50DDCA00A21CE5 /* main.m */ = {isa = PBXFileReference; lastKnownFileType = sourcecode.c.objc; path = main.m; sourceTree = "<group>"; };
		B82395001B50DDCA00A21CE5 /* AppDelegate.h */ = {isa = PBXFileReference; lastKnownFileType = sourcecode.c.h; path = AppDelegate.h; sourceTree = "<group>"; };
		B82395011B50DDCA00A21CE5 /* AppDelegate.m */ = {isa = PBXFileReference; lastKnownFileType = sourcecode.c.objc; path = AppDelegate.m; sourceTree = "<group>"; };
		B82395031B50DDCA00A21CE5 /* ViewController.h */ = {isa = PBXFileReference; lastKnownFileType = sourcecode.c.h; path = ViewController.h; sourceTree = "<group>"; };
		B82395041B50DDCA00A21CE5 /* ViewController.m */ = {isa = PBXFileReference; lastKnownFileType = sourcecode.c.objc; path = ViewController.m; sourceTree = "<group>"; };
		B82395071B50DDCA00A21CE5 /* Base */ = {isa = PBXFileReference; lastKnownFileType = file.storyboard; name = Base; path = Base.lproj/Main.storyboard; sourceTree = "<group>"; };
		B82395091B50DDCA00A21CE5 /* Images.xcassets */ = {isa = PBXFileReference; lastKnownFileType = folder.assetcatalog; path = Images.xcassets; sourceTree = "<group>"; };
		B823950C1B50DDCA00A21CE5 /* Base */ = {isa = PBXFileReference; lastKnownFileType = file.xib; name = Base; path = Base.lproj/LaunchScreen.xib; sourceTree = "<group>"; };
		B82395121B50DDCA00A21CE5 /* testTests.xctest */ = {isa = PBXFileReference; explicitFileType = wrapper.cfbundle; includeInIndex = 0; path = testTests.xctest; sourceTree = BUILT_PRODUCTS_DIR; };
		B82395171B50DDCA00A21CE5 /* Info.plist */ = {isa = PBXFileReference; lastKnownFileType = text.plist.xml; path = Info.plist; sourceTree = "<group>"; };
		B82395181B50DDCA00A21CE5 /* testTests.m */ = {isa = PBXFileReference; lastKnownFileType = sourcecode.c.objc; path = testTests.m; sourceTree = "<group>"; };
/* End PBXFileReference section */

/* Begin PBXFrameworksBuildPhase section */
		B82394F61B50DDCA00A21CE5 /* Frameworks */ = {
			isa = PBXFrameworksBuildPhase;
			buildActionMask = 2147483647;
			files = (
			);
			runOnlyForDeploymentPostprocessing = 0;
		};
		B823950F1B50DDCA00A21CE5 /* Frameworks */ = {
			isa = PBXFrameworksBuildPhase;
			buildActionMask = 2147483647;
			files = (
			);
			runOnlyForDeploymentPostprocessing = 0;
		};
/* End PBXFrameworksBuildPhase section */

/* Begin PBXGroup section */
		B82394F01B50DDCA00A21CE5 = {
			isa = PBXGroup;
			children = (
				B82394FB1B50DDCA00A21CE5 /* test */,
				B82395151B50DDCA00A21CE5 /* testTests */,
				B82394FA1B50DDCA00A21CE5 /* Products */,
			);
			sourceTree = "<group>";
		};
		B82394FA1B50DDCA00A21CE5 /* Products */ = {
			isa = PBXGroup;
			children = (
				B82394F91B50DDCA00A21CE5 /* test.app */,
				B82395121B50DDCA00A21CE5 /* testTests.xctest */,
			);
			name = Products;
			sourceTree = "<group>";
		};
		B82394FB1B50DDCA00A21CE5 /* test */ = {
			isa = PBXGroup;
			children = (
				B82395001B50DDCA00A21CE5 /* AppDelegate.h */,
				B82395011B50DDCA00A21CE5 /* AppDelegate.m */,
				B82395031B50DDCA00A21CE5 /* ViewController.h */,
				B82395041B50DDCA00A21CE5 /* ViewController.m */,
				B82395061B50DDCA00A21CE5 /* Main.storyboard */,
				B82395091B50DDCA00A21CE5 /* Images.xcassets */,
				B823950B1B50DDCA00A21CE5 /* LaunchScreen.xib */,
				B82394FC1B50DDCA00A21CE5 /* Supporting Files */,
			);
			path = test;
			sourceTree = "<group>";
		};
		B82394FC1B50DDCA00A21CE5 /* Supporting Files */ = {
			isa = PBXGroup;
			children = (
				B82394FD1B50DDCA00A21CE5 /* Info.plist */,
				B82394FE1B50DDCA00A21CE5 /* main.m */,
			);
			name = "Supporting Files";
			sourceTree = "<group>";
		};
		B82395151B50DDCA00A21CE5 /* testTests */ = {
			isa = PBXGroup;
			children = (
				B82395181B50DDCA00A21CE5 /* testTests.m */,
				B82395161B50DDCA00A21CE5 /* Supporting Files */,
			);
			path = testTests;
			sourceTree = "<group>";
		};
		B82395161B50DDCA00A21CE5 /* Supporting Files */ = {
			isa = PBXGroup;
			children = (
				B82395171B50DDCA00A21CE5 /* Info.plist */,
			);
			name = "Supporting Files";
			sourceTree = "<group>";
		};
/* End PBXGroup section */

/* Begin PBXNativeTarget section */
		B82394F81B50DDCA00A21CE5 /* test */ = {
			isa = PBXNativeTarget;
			buildConfigurationList = B823951C1B50DDCA00A21CE5 /* Build configuration list for PBXNativeTarget "test" */;
			buildPhases = (
				B82394F51B50DDCA00A21CE5 /* Sources */,
				B82394F61B50DDCA00A21CE5 /* Frameworks */,
				B82394F71B50DDCA00A21CE5 /* Resources */,
			);
			buildRules = (
			);
			dependencies = (
			);
			name = test;
			productName = test;
			productReference = B82394F91B50DDCA00A21CE5 /* test.app */;
			productType = "com.apple.product-type.application";
		};
		B82395111B50DDCA00A21CE5 /* testTests */ = {
			isa = PBXNativeTarget;
			buildConfigurationList = B823951F1B50DDCA00A21CE5 /* Build configuration list for PBXNativeTarget "testTests" */;
			buildPhases = (
				B823950E1B50DDCA00A21CE5 /* Sources */,
				B823950F1B50DDCA00A21CE5 /* Frameworks */,
				B82395101B50DDCA00A21CE5 /* Resources */,
			);
			buildRules = (
			);
			dependencies = (
				B82395141B50DDCA00A21CE5 /* PBXTargetDependency */,
			);
			name = testTests;
			productName = testTests;
			productReference = B82395121B50DDCA00A21CE5 /* testTests.xctest */;
			productType = "com.apple.product-type.bundle.unit-test";
		};
/* End PBXNativeTarget section */

/* Begin PBXProject section */
		B82394F11B50DDCA00A21CE5 /* Project object */ = {
			isa = PBXProject;
			attributes = {
				LastUpgradeCheck = 0630;
				ORGANIZATIONNAME = NYNU;
				TargetAttributes = {
					B82394F81B50DDCA00A21CE5 = {
						CreatedOnToolsVersion = 6.3.2;
					};
					B82395111B50DDCA00A21CE5 = {
						CreatedOnToolsVersion = 6.3.2;
						TestTargetID = B82394F81B50DDCA00A21CE5;
					};
				};
			};
			buildConfigurationList = B82394F41B50DDCA00A21CE5 /* Build configuration list for PBXProject "test" */;
			compatibilityVersion = "Xcode 3.2";
			developmentRegion = English;
			hasScannedForEncodings = 0;
			knownRegions = (
				en,
				Base,
			);
			mainGroup = B82394F01B50DDCA00A21CE5;
			productRefGroup = B82394FA1B50DDCA00A21CE5 /* Products */;
			projectDirPath = "";
			projectRoot = "";
			targets = (
				B82394F81B50DDCA00A21CE5 /* test */,
				B82395111B50DDCA00A21CE5 /* testTests */,
			);
		};
/* End PBXProject section */

/* Begin PBXResourcesBuildPhase section */
		B82394F71B50DDCA00A21CE5 /* Resources */ = {
			isa = PBXResourcesBuildPhase;
			buildActionMask = 2147483647;
			files = (
				B82395081B50DDCA00A21CE5 /* Main.storyboard in Resources */,
				B823950D1B50DDCA00A21CE5 /* LaunchScreen.xib in Resources */,
				B823950A1B50DDCA00A21CE5 /* Images.xcassets in Resources */,
			);
			runOnlyForDeploymentPostprocessing = 0;
		};
		B82395101B50DDCA00A21CE5 /* Resources */ = {
			isa = PBXResourcesBuildPhase;
			buildActionMask = 2147483647;
			files = (
			);
			runOnlyForDeploymentPostprocessing = 0;
		};
/* End PBXResourcesBuildPhase section */

/* Begin PBXSourcesBuildPhase section */
		B82394F51B50DDCA00A21CE5 /* Sources */ = {
			isa = PBXSourcesBuildPhase;
			buildActionMask = 2147483647;
			files = (
				B82395051B50DDCA00A21CE5 /* ViewController.m in Sources */,
				B82395021B50DDCA00A21CE5 /* AppDelegate.m in Sources */,
				B82394FF1B50DDCA00A21CE5 /* main.m in Sources */,
			);
			runOnlyForDeploymentPostprocessing = 0;
		};
		B823950E1B50DDCA00A21CE5 /* Sources */ = {
			isa = PBXSourcesBuildPhase;
			buildActionMask = 2147483647;
			files = (
				B82395191B50DDCA00A21CE5 /* testTests.m in Sources */,
			);
			runOnlyForDeploymentPostprocessing = 0;
		};
/* End PBXSourcesBuildPhase section */

/* Begin PBXTargetDependency section */
		B82395141B50DDCA00A21CE5 /* PBXTargetDependency */ = {
			isa = PBXTargetDependency;
			target = B82394F81B50DDCA00A21CE5 /* test */;
			targetProxy = B82395131B50DDCA00A21CE5 /* PBXContainerItemProxy */;
		};
/* End PBXTargetDependency section */

/* Begin PBXVariantGroup section */
		B82395061B50DDCA00A21CE5 /* Main.storyboard */ = {
			isa = PBXVariantGroup;
			children = (
				B82395071B50DDCA00A21CE5 /* Base */,
			);
			name = Main.storyboard;
			sourceTree = "<group>";
		};
		B823950B1B50DDCA00A21CE5 /* LaunchScreen.xib */ = {
			isa = PBXVariantGroup;
			children = (
				B823950C1B50DDCA00A21CE5 /* Base */,
			);
			name = LaunchScreen.xib;
			sourceTree = "<group>";
		};
/* End PBXVariantGroup section */

/* Begin XCBuildConfiguration section */
		B823951A1B50DDCA00A21CE5 /* Debug */ = {
			isa = XCBuildConfiguration;
			buildSettings = {
				ALWAYS_SEARCH_USER_PATHS = NO;
				CLANG_CXX_LANGUAGE_STANDARD = "gnu++0x";
				CLANG_CXX_LIBRARY = "libc++";
				CLANG_ENABLE_MODULES = YES;
				CLANG_ENABLE_OBJC_ARC = YES;
				CLANG_WARN_BOOL_CONVERSION = YES;
				CLANG_WARN_CONSTANT_CONVERSION = YES;
				CLANG_WARN_DIRECT_OBJC_ISA_USAGE = YES_ERROR;
				CLANG_WARN_EMPTY_BODY = YES;
				CLANG_WARN_ENUM_CONVERSION = YES;
				CLANG_WARN_INT_CONVERSION = YES;
				CLANG_WARN_OBJC_ROOT_CLASS = YES_ERROR;
				CLANG_WARN_UNREACHABLE_CODE = YES;
				CLANG_WARN__DUPLICATE_METHOD_MATCH = YES;
				"CODE_SIGN_IDENTITY[sdk=iphoneos*]" = "iPhone Developer";
				COPY_PHASE_STRIP = NO;
				DEBUG_INFORMATION_FORMAT = "dwarf-with-dsym";
				ENABLE_STRICT_OBJC_MSGSEND = YES;
				GCC_C_LANGUAGE_STANDARD = gnu99;
				GCC_DYNAMIC_NO_PIC = NO;
				GCC_NO_COMMON_BLOCKS = YES;
				GCC_OPTIMIZATION_LEVEL = 0;
				GCC_PREPROCESSOR_DEFINITIONS = (
					"DEBUG=1",
					"$(inherited)",
				);
				GCC_SYMBOLS_PRIVATE_EXTERN = NO;
				GCC_WARN_64_TO_32_BIT_CONVERSION = YES;
				GCC_WARN_ABOUT_RETURN_TYPE = YES_ERROR;
				GCC_WARN_UNDECLARED_SELECTOR = YES;
				GCC_WARN_UNINITIALIZED_AUTOS = YES_AGGRESSIVE;
				GCC_WARN_UNUSED_FUNCTION = YES;
				GCC_WARN_UNUSED_VARIABLE = YES;
				IPHONEOS_DEPLOYMENT_TARGET = 8.3;
				MTL_ENABLE_DEBUG_INFO = YES;
				ONLY_ACTIVE_ARCH = YES;
				SDKROOT = iphoneos;
			};
			name = Debug;
		};
		B823951B1B50DDCA00A21CE5 /* Release */ = {
			isa = XCBuildConfiguration;
			buildSettings = {
				ALWAYS_SEARCH_USER_PATHS = NO;
				CLANG_CXX_LANGUAGE_STANDARD = "gnu++0x";
				CLANG_CXX_LIBRARY = "libc++";
				CLANG_ENABLE_MODULES = YES;
				CLANG_ENABLE_OBJC_ARC = YES;
				CLANG_WARN_BOOL_CONVERSION = YES;
				CLANG_WARN_CONSTANT_CONVERSION = YES;
				CLANG_WARN_DIRECT_OBJC_ISA_USAGE = YES_ERROR;
				CLANG_WARN_EMPTY_BODY = YES;
				CLANG_WARN_ENUM_CONVERSION = YES;
				CLANG_WARN_INT_CONVERSION = YES;
				CLANG_WARN_OBJC_ROOT_CLASS = YES_ERROR;
				CLANG_WARN_UNREACHABLE_CODE = YES;
				CLANG_WARN__DUPLICATE_METHOD_MATCH = YES;
				"CODE_SIGN_IDENTITY[sdk=iphoneos*]" = "iPhone Developer";
				COPY_PHASE_STRIP = NO;
				DEBUG_INFORMATION_FORMAT = "dwarf-with-dsym";
				ENABLE_NS_ASSERTIONS = NO;
				ENABLE_STRICT_OBJC_MSGSEND = YES;
				GCC_C_LANGUAGE_STANDARD = gnu99;
				GCC_NO_COMMON_BLOCKS = YES;
				GCC_WARN_64_TO_32_BIT_CONVERSION = YES;
				GCC_WARN_ABOUT_RETURN_TYPE = YES_ERROR;
				GCC_WARN_UNDECLARED_SELECTOR = YES;
				GCC_WARN_UNINITIALIZED_AUTOS = YES_AGGRESSIVE;
				GCC_WARN_UNUSED_FUNCTION = YES;
				GCC_WARN_UNUSED_VARIABLE = YES;
				IPHONEOS_DEPLOYMENT_TARGET = 8.3;
				MTL_ENABLE_DEBUG_INFO = NO;
				SDKROOT = iphoneos;
				VALIDATE_PRODUCT = YES;
			};
			name = Release;
		};
		B823951D1B50DDCA00A21CE5 /* Debug */ = {
			isa = XCBuildConfiguration;
			buildSettings = {
				ASSETCATALOG_COMPILER_APPICON_NAME = AppIcon;
				INFOPLIST_FILE = test/Info.plist;
				LD_RUNPATH_SEARCH_PATHS = "$(inherited) @executable_path/Frameworks";
				PRODUCT_NAME = "$(TARGET_NAME)";
			};
			name = Debug;
		};
		B823951E1B50DDCA00A21CE5 /* Release */ = {
			isa = XCBuildConfiguration;
			buildSettings = {
				ASSETCATALOG_COMPILER_APPICON_NAME = AppIcon;
				INFOPLIST_FILE = test/Info.plist;
				LD_RUNPATH_SEARCH_PATHS = "$(inherited) @executable_path/Frameworks";
				PRODUCT_NAME = "$(TARGET_NAME)";
			};
			name = Release;
		};
		B82395201B50DDCA00A21CE5 /* Debug */ = {
			isa = XCBuildConfiguration;
			buildSettings = {
				BUNDLE_LOADER = "$(TEST_HOST)";
				FRAMEWORK_SEARCH_PATHS = (
					"$(SDKROOT)/Developer/Library/Frameworks",
					"$(inherited)",
				);
				GCC_PREPROCESSOR_DEFINITIONS = (
					"DEBUG=1",
					"$(inherited)",
				);
				INFOPLIST_FILE = testTests/Info.plist;
				LD_RUNPATH_SEARCH_PATHS = "$(inherited) @executable_path/Frameworks @loader_path/Frameworks";
				PRODUCT_NAME = "$(TARGET_NAME)";
				TEST_HOST = "$(BUILT_PRODUCTS_DIR)/test.app/test";
			};
			name = Debug;
		};
		B82395211B50DDCA00A21CE5 /* Release */ = {
			isa = XCBuildConfiguration;
			buildSettings = {
				BUNDLE_LOADER = "$(TEST_HOST)";
				FRAMEWORK_SEARCH_PATHS = (
					"$(SDKROOT)/Developer/Library/Frameworks",
					"$(inherited)",
				);
				INFOPLIST_FILE = testTests/Info.plist;
				LD_RUNPATH_SEARCH_PATHS = "$(inherited) @executable_path/Frameworks @loader_path/Frameworks";
				PRODUCT_NAME = "$(TARGET_NAME)";
				TEST_HOST = "$(BUILT_PRODUCTS_DIR)/test.app/test";
			};
			name = Release;
		};
/* End XCBuildConfiguration section */

/* Begin XCConfigurationList section */
		B82394F41B50DDCA00A21CE5 /* Build configuration list for PBXProject "test" */ = {
			isa = XCConfigurationList;
			buildConfigurations = (
				B823951A1B50DDCA00A21CE5 /* Debug */,
				B823951B1B50DDCA00A21CE5 /* Release */,
			);
			defaultConfigurationIsVisible = 0;
			defaultConfigurationName = Release;
		};
		B823951C1B50DDCA00A21CE5 /* Build configuration list for PBXNativeTarget "test" */ = {
			isa = XCConfigurationList;
			buildConfigurations = (
				B823951D1B50DDCA00A21CE5 /* Debug */,
				B823951E1B50DDCA00A21CE5 /* Release */,
			);
			defaultConfigurationIsVisible = 0;
		};
		B823951F1B50DDCA00A21CE5 /* Build configuration list for PBXNativeTarget "testTests" */ = {
			isa = XCConfigurationList;
			buildConfigurations = (
				B82395201B50DDCA00A21CE5 /* Debug */,
				B82395211B50DDCA00A21CE5 /* Release */,
			);
			defaultConfigurationIsVisible = 0;
		};
/* End XCConfigurationList section */
	};
	rootObject = B82394F11B50DDCA00A21CE5 /* Project object */;
}
